
Microsoft Visual Studio Solution File, Format Version 12.00
# Visual Studio Version 17
VisualStudioVersion = 17.10.34916.146
MinimumVisualStudioVersion = 10.0.40219.1
Project("{FAE04EC0-301F-11D3-BF4B-00C04F79EFBC}") = "Application", "Application.csproj", "{2251DC05-8A7D-41E8-A4DE-207DE18B937E}"
EndProject
Project("{FAE04EC0-301F-11D3-BF4B-00C04F79EFBC}") = "Domain", "..\Domain\Domain.csproj", "{9A9E67BA-9C68-4700-8767-702D68943B86}"
EndProject
Project("{FAE04EC0-301F-11D3-BF4B-00C04F79EFBC}") = "Infrastructure", "..\Infrastructure\Infrastructure.csproj", "{5F28C385-C321-4A13-BA04-8BD1AA569A9A}"
EndProject
Project("{FAE04EC0-301F-11D3-BF4B-00C04F79EFBC}") = "SharedCommon", "..\SharedCommon\SharedCommon.csproj", "{3526AAAC-A570-4FFA-82BD-7E8EB6BCA6DB}"
EndProject
Global
	GlobalSection(SolutionConfigurationPlatforms) = preSolution
		Debug|Any CPU = Debug|Any CPU
		Release|Any CPU = Release|Any CPU
	EndGlobalSection
	GlobalSection(ProjectConfigurationPlatforms) = postSolution
		{2251DC05-8A7D-41E8-A4DE-207DE18B937E}.Debug|Any CPU.ActiveCfg = Debug|Any CPU
		{2251DC05-8A7D-41E8-A4DE-207DE18B937E}.Debug|Any CPU.Build.0 = Debug|Any CPU
		{2251DC05-8A7D-41E8-A4DE-207DE18B937E}.Release|Any CPU.ActiveCfg = Release|Any CPU
		{2251DC05-8A7D-41E8-A4DE-207DE18B937E}.Release|Any CPU.Build.0 = Release|Any CPU
		{9A9E67BA-9C68-4700-8767-702D68943B86}.Debug|Any CPU.ActiveCfg = Debug|Any CPU
		{9A9E67BA-9C68-4700-8767-702D68943B86}.Debug|Any CPU.Build.0 = Debug|Any CPU
		{9A9E67BA-9C68-4700-8767-702D68943B86}.Release|Any CPU.ActiveCfg = Release|Any CPU
		{9A9E67BA-9C68-4700-8767-702D68943B86}.Release|Any CPU.Build.0 = Release|Any CPU
		{5F28C385-C321-4A13-BA04-8BD1AA569A9A}.Debug|Any CPU.ActiveCfg = Debug|Any CPU
		{5F28C385-C321-4A13-BA04-8BD1AA569A9A}.Debug|Any CPU.Build.0 = Debug|Any CPU
		{5F28C385-C321-4A13-BA04-8BD1AA569A9A}.Release|Any CPU.ActiveCfg = Release|Any CPU
		{5F28C385-C321-4A13-BA04-8BD1AA569A9A}.Release|Any CPU.Build.0 = Release|Any CPU
		{3526AAAC-A570-4FFA-82BD-7E8EB6BCA6DB}.Debug|Any CPU.ActiveCfg = Debug|Any CPU
		{3526AAAC-A570-4FFA-82BD-7E8EB6BCA6DB}.Debug|Any CPU.Build.0 = Debug|Any CPU
		{3526AAAC-A570-4FFA-82BD-7E8EB6BCA6DB}.Release|Any CPU.ActiveCfg = Release|Any CPU
		{3526AAAC-A570-4FFA-82BD-7E8EB6BCA6DB}.Release|Any CPU.Build.0 = Release|Any CPU
	EndGlobalSection
	GlobalSection(SolutionProperties) = preSolution
		HideSolutionNode = FALSE
	EndGlobalSection
	GlobalSection(ExtensibilityGlobals) = postSolution
		SolutionGuid = {296A4453-CEEF-41FF-B580-C4A61B7FB6FF}
	EndGlobalSection
EndGlobal
